PODS:
  - FileBrowser (0.2.0)

DEPENDENCIES:
  - FileBrowser (from `../../FileBrowser.podspec`)

EXTERNAL SOURCES:
  FileBrowser:
    :path: ../../FileBrowser.podspec

SPEC CHECKSUMS:
  FileBrowser: af8abc035daca66a6066351ae162c4af4c6b24dd

PODFILE CHECKSUM: 25d6e7f3f21422400c1d0693c31a9c3655ff1c8b

COCOAPODS: 1.0.1
