PODS:
  - FileBrowser (0.2.0)

DEPENDENCIES:
  - FileBrowser (from `../../FileBrowser.podspec`)

EXTERNAL SOURCES:
  FileBrowser:
    :path: ../../FileBrowser.podspec

SPEC CHECKSUMS:
  FileBrowser: af8abc035daca66a6066351ae162c4af4c6b24dd

PODFILE CHECKSUM: 89b602114a6137a17b342c624bbed635b89d7a0e

COCOAPODS: 1.0.1
